// !$*UTF8*$!
{
	archiveVersion = 1;
	classes = {
	};
	objectVersion = 51;
	objects = {

/* Begin PBXBuildFile section */
		091251F72560DFB60005BAB7 /* NoteCategoryViewController.swift in Sources */ = {isa = PBXBuildFile; fileRef = 091251F62560DFB60005BAB7 /* NoteCategoryViewController.swift */; };
		091251FA2560DFD50005BAB7 /* NoteViewController.swift in Sources */ = {isa = PBXBuildFile; fileRef = 091251F92560DFD50005BAB7 /* NoteViewController.swift */; };
		091251FD2560DFF60005BAB7 /* NoteEditViewController.swift in Sources */ = {isa = PBXBuildFile; fileRef = 091251FC2560DFF60005BAB7 /* NoteEditViewController.swift */; };
		091252002560EC910005BAB7 /* AddNewNoteViewController.swift in Sources */ = {isa = PBXBuildFile; fileRef = 091251FF2560EC910005BAB7 /* AddNewNoteViewController.swift */; };
		097FF26C2570BB9500D395BF /* ToolFunctionsAndConstants.swift in Sources */ = {isa = PBXBuildFile; fileRef = 097FF26B2570BB9500D395BF /* ToolFunctionsAndConstants.swift */; };
		09F5EB70256A743B0070546B /* NoteCategory.swift in Sources */ = {isa = PBXBuildFile; fileRef = 09F5EB6F256A743B0070546B /* NoteCategory.swift */; };
		09F5EB74256A75930070546B /* NoteItem.swift in Sources */ = {isa = PBXBuildFile; fileRef = 09F5EB73256A75930070546B /* NoteItem.swift */; };
		09FB6229255F859E00D53122 /* AppDelegate.swift in Sources */ = {isa = PBXBuildFile; fileRef = 09FB6228255F859E00D53122 /* AppDelegate.swift */; };
		09FB622B255F859E00D53122 /* SceneDelegate.swift in Sources */ = {isa = PBXBuildFile; fileRef = 09FB622A255F859E00D53122 /* SceneDelegate.swift */; };
		09FB6230255F859E00D53122 /* Main.storyboard in Resources */ = {isa = PBXBuildFile; fileRef = 09FB622E255F859E00D53122 /* Main.storyboard */; };
		09FB6235255F85A500D53122 /* Assets.xcassets in Resources */ = {isa = PBXBuildFile; fileRef = 09FB6234255F85A500D53122 /* Assets.xcassets */; };
		09FB6238255F85A500D53122 /* LaunchScreen.storyboard in Resources */ = {isa = PBXBuildFile; fileRef = 09FB6236255F85A500D53122 /* LaunchScreen.storyboard */; };
		EC869677629D986B9730C2AB /* Pods_Notepad_App.framework in Frameworks */ = {isa = PBXBuildFile; fileRef = 98F4473840ED8EF1D1BF8D86 /* Pods_Notepad_App.framework */; };
/* End PBXBuildFile section */

/* Begin PBXFileReference section */
		091251F62560DFB60005BAB7 /* NoteCategoryViewController.swift */ = {isa = PBXFileReference; lastKnownFileType = sourcecode.swift; path = NoteCategoryViewController.swift; sourceTree = "<group>"; };
		091251F92560DFD50005BAB7 /* NoteViewController.swift */ = {isa = PBXFileReference; lastKnownFileType = sourcecode.swift; path = NoteViewController.swift; sourceTree = "<group>"; };
		091251FC2560DFF60005BAB7 /* NoteEditViewController.swift */ = {isa = PBXFileReference; lastKnownFileType = sourcecode.swift; path = NoteEditViewController.swift; sourceTree = "<group>"; };
		091251FF2560EC910005BAB7 /* AddNewNoteViewController.swift */ = {isa = PBXFileReference; lastKnownFileType = sourcecode.swift; path = AddNewNoteViewController.swift; sourceTree = "<group>"; };
		097FF26B2570BB9500D395BF /* ToolFunctionsAndConstants.swift */ = {isa = PBXFileReference; lastKnownFileType = sourcecode.swift; path = ToolFunctionsAndConstants.swift; sourceTree = "<group>"; };
		09F5EB6F256A743B0070546B /* NoteCategory.swift */ = {isa = PBXFileReference; lastKnownFileType = sourcecode.swift; path = NoteCategory.swift; sourceTree = "<group>"; };
		09F5EB73256A75930070546B /* NoteItem.swift */ = {isa = PBXFileReference; lastKnownFileType = sourcecode.swift; path = NoteItem.swift; sourceTree = "<group>"; };
		09FB6225255F859E00D53122 /* Notepad-App.app */ = {isa = PBXFileReference; explicitFileType = wrapper.application; includeInIndex = 0; path = "Notepad-App.app"; sourceTree = BUILT_PRODUCTS_DIR; };
		09FB6228255F859E00D53122 /* AppDelegate.swift */ = {isa = PBXFileReference; lastKnownFileType = sourcecode.swift; path = AppDelegate.swift; sourceTree = "<group>"; };
		09FB622A255F859E00D53122 /* SceneDelegate.swift */ = {isa = PBXFileReference; lastKnownFileType = sourcecode.swift; path = SceneDelegate.swift; sourceTree = "<group>"; };
		09FB622F255F859E00D53122 /* Base */ = {isa = PBXFileReference; lastKnownFileType = file.storyboard; name = Base; path = Base.lproj/Main.storyboard; sourceTree = "<group>"; };
		09FB6234255F85A500D53122 /* Assets.xcassets */ = {isa = PBXFileReference; lastKnownFileType = folder.assetcatalog; path = Assets.xcassets; sourceTree = "<group>"; };
		09FB6237255F85A500D53122 /* Base */ = {isa = PBXFileReference; lastKnownFileType = file.storyboard; name = Base; path = Base.lproj/LaunchScreen.storyboard; sourceTree = "<group>"; };
		09FB6239255F85A500D53122 /* Info.plist */ = {isa = PBXFileReference; lastKnownFileType = text.plist.xml; path = Info.plist; sourceTree = "<group>"; };
		115D3F7560412B9FCC41F7C9 /* Pods-Notepad-App.release.xcconfig */ = {isa = PBXFileReference; includeInIndex = 1; lastKnownFileType = text.xcconfig; name = "Pods-Notepad-App.release.xcconfig"; path = "Target Support Files/Pods-Notepad-App/Pods-Notepad-App.release.xcconfig"; sourceTree = "<group>"; };
		98F4473840ED8EF1D1BF8D86 /* Pods_Notepad_App.framework */ = {isa = PBXFileReference; explicitFileType = wrapper.framework; includeInIndex = 0; path = Pods_Notepad_App.framework; sourceTree = BUILT_PRODUCTS_DIR; };
		D4A023CA7B0FFB0AE0ACDFBF /* Pods-Notepad-App.debug.xcconfig */ = {isa = PBXFileReference; includeInIndex = 1; lastKnownFileType = text.xcconfig; name = "Pods-Notepad-App.debug.xcconfig"; path = "Target Support Files/Pods-Notepad-App/Pods-Notepad-App.debug.xcconfig"; sourceTree = "<group>"; };
/* End PBXFileReference section */

/* Begin PBXFrameworksBuildPhase section */
		09FB6222255F859E00D53122 /* Frameworks */ = {
			isa = PBXFrameworksBuildPhase;
			buildActionMask = 2147483647;
			files = (
				EC869677629D986B9730C2AB /* Pods_Notepad_App.framework in Frameworks */,
			);
			runOnlyForDeploymentPostprocessing = 0;
		};
/* End PBXFrameworksBuildPhase section */

/* Begin PBXGroup section */
		091251F02560DEE20005BAB7 /* Controllers */ = {
			isa = PBXGroup;
			children = (
				091251F62560DFB60005BAB7 /* NoteCategoryViewController.swift */,
				091251F92560DFD50005BAB7 /* NoteViewController.swift */,
				091251FC2560DFF60005BAB7 /* NoteEditViewController.swift */,
				091251FF2560EC910005BAB7 /* AddNewNoteViewController.swift */,
			);
			path = Controllers;
			sourceTree = "<group>";
		};
		091251F22560DEF30005BAB7 /* Views */ = {
			isa = PBXGroup;
			children = (
				09FB622E255F859E00D53122 /* Main.storyboard */,
			);
			path = Views;
			sourceTree = "<group>";
		};
		091251F42560DEFD0005BAB7 /* Models */ = {
			isa = PBXGroup;
			children = (
				09F5EB6F256A743B0070546B /* NoteCategory.swift */,
				09F5EB73256A75930070546B /* NoteItem.swift */,
			);
			path = Models;
			sourceTree = "<group>";
		};
		09FB621C255F859E00D53122 = {
			isa = PBXGroup;
			children = (
				09FB6227255F859E00D53122 /* Notepad-App */,
				09FB6226255F859E00D53122 /* Products */,
				BA37AFEDB03FD22BF54EEC03 /* Pods */,
				B97987A3507E9E4041E903C3 /* Frameworks */,
			);
			sourceTree = "<group>";
		};
		09FB6226255F859E00D53122 /* Products */ = {
			isa = PBXGroup;
			children = (
				09FB6225255F859E00D53122 /* Notepad-App.app */,
			);
			name = Products;
			sourceTree = "<group>";
		};
		09FB6227255F859E00D53122 /* Notepad-App */ = {
			isa = PBXGroup;
			children = (
				09FB6228255F859E00D53122 /* AppDelegate.swift */,
				09FB622A255F859E00D53122 /* SceneDelegate.swift */,
				091251F42560DEFD0005BAB7 /* Models */,
				091251F02560DEE20005BAB7 /* Controllers */,
				091251F22560DEF30005BAB7 /* Views */,
				09FB6234255F85A500D53122 /* Assets.xcassets */,
				09FB6236255F85A500D53122 /* LaunchScreen.storyboard */,
				09FB6239255F85A500D53122 /* Info.plist */,
				097FF26B2570BB9500D395BF /* ToolFunctionsAndConstants.swift */,
			);
			path = "Notepad-App";
			sourceTree = "<group>";
		};
		B97987A3507E9E4041E903C3 /* Frameworks */ = {
			isa = PBXGroup;
			children = (
				98F4473840ED8EF1D1BF8D86 /* Pods_Notepad_App.framework */,
			);
			name = Frameworks;
			sourceTree = "<group>";
		};
		BA37AFEDB03FD22BF54EEC03 /* Pods */ = {
			isa = PBXGroup;
			children = (
				D4A023CA7B0FFB0AE0ACDFBF /* Pods-Notepad-App.debug.xcconfig */,
				115D3F7560412B9FCC41F7C9 /* Pods-Notepad-App.release.xcconfig */,
			);
			path = Pods;
			sourceTree = "<group>";
		};
/* End PBXGroup section */

/* Begin PBXNativeTarget section */
		09FB6224255F859E00D53122 /* Notepad-App */ = {
			isa = PBXNativeTarget;
			buildConfigurationList = 09FB623C255F85A500D53122 /* Build configuration list for PBXNativeTarget "Notepad-App" */;
			buildPhases = (
				7554249EA55A1A5A4032C2FB /* [CP] Check Pods Manifest.lock */,
				09FB6221255F859E00D53122 /* Sources */,
				09FB6222255F859E00D53122 /* Frameworks */,
				09FB6223255F859E00D53122 /* Resources */,
				28D9F333520CA98205375E1C /* [CP] Embed Pods Frameworks */,
			);
			buildRules = (
			);
			dependencies = (
			);
			name = "Notepad-App";
			productName = "Notepad-App";
			productReference = 09FB6225255F859E00D53122 /* Notepad-App.app */;
			productType = "com.apple.product-type.application";
		};
/* End PBXNativeTarget section */

/* Begin PBXProject section */
		09FB621D255F859E00D53122 /* Project object */ = {
			isa = PBXProject;
			attributes = {
				LastSwiftUpdateCheck = 1220;
				LastUpgradeCheck = 1220;
				TargetAttributes = {
					09FB6224255F859E00D53122 = {
						CreatedOnToolsVersion = 12.2;
					};
				};
			};
			buildConfigurationList = 09FB6220255F859E00D53122 /* Build configuration list for PBXProject "Notepad-App" */;
			compatibilityVersion = "Xcode 9.3";
			developmentRegion = en;
			hasScannedForEncodings = 0;
			knownRegions = (
				en,
				Base,
			);
			mainGroup = 09FB621C255F859E00D53122;
			productRefGroup = 09FB6226255F859E00D53122 /* Products */;
			projectDirPath = "";
			projectRoot = "";
			targets = (
				09FB6224255F859E00D53122 /* Notepad-App */,
			);
		};
/* End PBXProject section */

/* Begin PBXResourcesBuildPhase section */
		09FB6223255F859E00D53122 /* Resources */ = {
			isa = PBXResourcesBuildPhase;
			buildActionMask = 2147483647;
			files = (
				09FB6238255F85A500D53122 /* LaunchScreen.storyboard in Resources */,
				09FB6235255F85A500D53122 /* Assets.xcassets in Resources */,
				09FB6230255F859E00D53122 /* Main.storyboard in Resources */,
			);
			runOnlyForDeploymentPostprocessing = 0;
		};
/* End PBXResourcesBuildPhase section */

/* Begin PBXShellScriptBuildPhase section */
		28D9F333520CA98205375E1C /* [CP] Embed Pods Frameworks */ = {
			isa = PBXShellScriptBuildPhase;
			buildActionMask = 2147483647;
			files = (
			);
			inputFileListPaths = (
				"${PODS_ROOT}/Target Support Files/Pods-Notepad-App/Pods-Notepad-App-frameworks-${CONFIGURATION}-input-files.xcfilelist",
			);
			name = "[CP] Embed Pods Frameworks";
			outputFileListPaths = (
				"${PODS_ROOT}/Target Support Files/Pods-Notepad-App/Pods-Notepad-App-frameworks-${CONFIGURATION}-output-files.xcfilelist",
			);
			runOnlyForDeploymentPostprocessing = 0;
			shellPath = /bin/sh;
			shellScript = "\"${PODS_ROOT}/Target Support Files/Pods-Notepad-App/Pods-Notepad-App-frameworks.sh\"\n";
			showEnvVarsInLog = 0;
		};
		7554249EA55A1A5A4032C2FB /* [CP] Check Pods Manifest.lock */ = {
			isa = PBXShellScriptBuildPhase;
			buildActionMask = 2147483647;
			files = (
			);
			inputFileListPaths = (
			);
			inputPaths = (
				"${PODS_PODFILE_DIR_PATH}/Podfile.lock",
				"${PODS_ROOT}/Manifest.lock",
			);
			name = "[CP] Check Pods Manifest.lock";
			outputFileListPaths = (
			);
			outputPaths = (
				"$(DERIVED_FILE_DIR)/Pods-Notepad-App-checkManifestLockResult.txt",
			);
			runOnlyForDeploymentPostprocessing = 0;
			shellPath = /bin/sh;
			shellScript = "diff \"${PODS_PODFILE_DIR_PATH}/Podfile.lock\" \"${PODS_ROOT}/Manifest.lock\" > /dev/null\nif [ $? != 0 ] ; then\n    # print error to STDERR\n    echo \"error: The sandbox is not in sync with the Podfile.lock. Run 'pod install' or update your CocoaPods installation.\" >&2\n    exit 1\nfi\n# This output is used by Xcode 'outputs' to avoid re-running this script phase.\necho \"SUCCESS\" > \"${SCRIPT_OUTPUT_FILE_0}\"\n";
			showEnvVarsInLog = 0;
		};
/* End PBXShellScriptBuildPhase section */

/* Begin PBXSourcesBuildPhase section */
		09FB6221255F859E00D53122 /* Sources */ = {
			isa = PBXSourcesBuildPhase;
			buildActionMask = 2147483647;
			files = (
				091251FD2560DFF60005BAB7 /* NoteEditViewController.swift in Sources */,
				091251F72560DFB60005BAB7 /* NoteCategoryViewController.swift in Sources */,
				097FF26C2570BB9500D395BF /* ToolFunctionsAndConstants.swift in Sources */,
				09FB6229255F859E00D53122 /* AppDelegate.swift in Sources */,
				09F5EB74256A75930070546B /* NoteItem.swift in Sources */,
				09FB622B255F859E00D53122 /* SceneDelegate.swift in Sources */,
				091252002560EC910005BAB7 /* AddNewNoteViewController.swift in Sources */,
				091251FA2560DFD50005BAB7 /* NoteViewController.swift in Sources */,
				09F5EB70256A743B0070546B /* NoteCategory.swift in Sources */,
			);
			runOnlyForDeploymentPostprocessing = 0;
		};
/* End PBXSourcesBuildPhase section */

/* Begin PBXVariantGroup section */
		09FB622E255F859E00D53122 /* Main.storyboard */ = {
			isa = PBXVariantGroup;
			children = (
				09FB622F255F859E00D53122 /* Base */,
			);
			name = Main.storyboard;
			sourceTree = "<group>";
		};
		09FB6236255F85A500D53122 /* LaunchScreen.storyboard */ = {
			isa = PBXVariantGroup;
			children = (
				09FB6237255F85A500D53122 /* Base */,
			);
			name = LaunchScreen.storyboard;
			sourceTree = "<group>";
		};
/* End PBXVariantGroup section */

/* Begin XCBuildConfiguration section */
		09FB623A255F85A500D53122 /* Debug */ = {
			isa = XCBuildConfiguration;
			buildSettings = {
				ALWAYS_SEARCH_USER_PATHS = NO;
				CLANG_ANALYZER_NONNULL = YES;
				CLANG_ANALYZER_NUMBER_OBJECT_CONVERSION = YES_AGGRESSIVE;
				CLANG_CXX_LANGUAGE_STANDARD = "gnu++14";
				CLANG_CXX_LIBRARY = "libc++";
				CLANG_ENABLE_MODULES = YES;
				CLANG_ENABLE_OBJC_ARC = YES;
				CLANG_ENABLE_OBJC_WEAK = YES;
				CLANG_WARN_BLOCK_CAPTURE_AUTORELEASING = YES;
				CLANG_WARN_BOOL_CONVERSION = YES;
				CLANG_WARN_COMMA = YES;
				CLANG_WARN_CONSTANT_CONVERSION = YES;
				CLANG_WARN_DEPRECATED_OBJC_IMPLEMENTATIONS = YES;
				CLANG_WARN_DIRECT_OBJC_ISA_USAGE = YES_ERROR;
				CLANG_WARN_DOCUMENTATION_COMMENTS = YES;
				CLANG_WARN_EMPTY_BODY = YES;
				CLANG_WARN_ENUM_CONVERSION = YES;
				CLANG_WARN_INFINITE_RECURSION = YES;
				CLANG_WARN_INT_CONVERSION = YES;
				CLANG_WARN_NON_LITERAL_NULL_CONVERSION = YES;
				CLANG_WARN_OBJC_IMPLICIT_RETAIN_SELF = YES;
				CLANG_WARN_OBJC_LITERAL_CONVERSION = YES;
				CLANG_WARN_OBJC_ROOT_CLASS = YES_ERROR;
				CLANG_WARN_QUOTED_INCLUDE_IN_FRAMEWORK_HEADER = YES;
				CLANG_WARN_RANGE_LOOP_ANALYSIS = YES;
				CLANG_WARN_STRICT_PROTOTYPES = YES;
				CLANG_WARN_SUSPICIOUS_MOVE = YES;
				CLANG_WARN_UNGUARDED_AVAILABILITY = YES_AGGRESSIVE;
				CLANG_WARN_UNREACHABLE_CODE = YES;
				CLANG_WARN__DUPLICATE_METHOD_MATCH = YES;
				COPY_PHASE_STRIP = NO;
				DEBUG_INFORMATION_FORMAT = dwarf;
				ENABLE_STRICT_OBJC_MSGSEND = YES;
				ENABLE_TESTABILITY = YES;
				GCC_C_LANGUAGE_STANDARD = gnu11;
				GCC_DYNAMIC_NO_PIC = NO;
				GCC_NO_COMMON_BLOCKS = YES;
				GCC_OPTIMIZATION_LEVEL = 0;
				GCC_PREPROCESSOR_DEFINITIONS = (
					"DEBUG=1",
					"$(inherited)",
				);
				GCC_WARN_64_TO_32_BIT_CONVERSION = YES;
				GCC_WARN_ABOUT_RETURN_TYPE = YES_ERROR;
				GCC_WARN_UNDECLARED_SELECTOR = YES;
				GCC_WARN_UNINITIALIZED_AUTOS = YES_AGGRESSIVE;
				GCC_WARN_UNUSED_FUNCTION = YES;
				GCC_WARN_UNUSED_VARIABLE = YES;
				IPHONEOS_DEPLOYMENT_TARGET = 14.2;
				MTL_ENABLE_DEBUG_INFO = INCLUDE_SOURCE;
				MTL_FAST_MATH = YES;
				ONLY_ACTIVE_ARCH = YES;
				SDKROOT = iphoneos;
				SWIFT_ACTIVE_COMPILATION_CONDITIONS = DEBUG;
				SWIFT_OPTIMIZATION_LEVEL = "-Onone";
			};
			name = Debug;
		};
		09FB623B255F85A500D53122 /* Release */ = {
			isa = XCBuildConfiguration;
			buildSettings = {
				ALWAYS_SEARCH_USER_PATHS = NO;
				CLANG_ANALYZER_NONNULL = YES;
				CLANG_ANALYZER_NUMBER_OBJECT_CONVERSION = YES_AGGRESSIVE;
				CLANG_CXX_LANGUAGE_STANDARD = "gnu++14";
				CLANG_CXX_LIBRARY = "libc++";
				CLANG_ENABLE_MODULES = YES;
				CLANG_ENABLE_OBJC_ARC = YES;
				CLANG_ENABLE_OBJC_WEAK = YES;
				CLANG_WARN_BLOCK_CAPTURE_AUTORELEASING = YES;
				CLANG_WARN_BOOL_CONVERSION = YES;
				CLANG_WARN_COMMA = YES;
				CLANG_WARN_CONSTANT_CONVERSION = YES;
				CLANG_WARN_DEPRECATED_OBJC_IMPLEMENTATIONS = YES;
				CLANG_WARN_DIRECT_OBJC_ISA_USAGE = YES_ERROR;
				CLANG_WARN_DOCUMENTATION_COMMENTS = YES;
				CLANG_WARN_EMPTY_BODY = YES;
				CLANG_WARN_ENUM_CONVERSION = YES;
				CLANG_WARN_INFINITE_RECURSION = YES;
				CLANG_WARN_INT_CONVERSION = YES;
				CLANG_WARN_NON_LITERAL_NULL_CONVERSION = YES;
				CLANG_WARN_OBJC_IMPLICIT_RETAIN_SELF = YES;
				CLANG_WARN_OBJC_LITERAL_CONVERSION = YES;
				CLANG_WARN_OBJC_ROOT_CLASS = YES_ERROR;
				CLANG_WARN_QUOTED_INCLUDE_IN_FRAMEWORK_HEADER = YES;
				CLANG_WARN_RANGE_LOOP_ANALYSIS = YES;
				CLANG_WARN_STRICT_PROTOTYPES = YES;
				CLANG_WARN_SUSPICIOUS_MOVE = YES;
				CLANG_WARN_UNGUARDED_AVAILABILITY = YES_AGGRESSIVE;
				CLANG_WARN_UNREACHABLE_CODE = YES;
				CLANG_WARN__DUPLICATE_METHOD_MATCH = YES;
				COPY_PHASE_STRIP = NO;
				DEBUG_INFORMATION_FORMAT = "dwarf-with-dsym";
				ENABLE_NS_ASSERTIONS = NO;
				ENABLE_STRICT_OBJC_MSGSEND = YES;
				GCC_C_LANGUAGE_STANDARD = gnu11;
				GCC_NO_COMMON_BLOCKS = YES;
				GCC_WARN_64_TO_32_BIT_CONVERSION = YES;
				GCC_WARN_ABOUT_RETURN_TYPE = YES_ERROR;
				GCC_WARN_UNDECLARED_SELECTOR = YES;
				GCC_WARN_UNINITIALIZED_AUTOS = YES_AGGRESSIVE;
				GCC_WARN_UNUSED_FUNCTION = YES;
				GCC_WARN_UNUSED_VARIABLE = YES;
				IPHONEOS_DEPLOYMENT_TARGET = 14.2;
				MTL_ENABLE_DEBUG_INFO = NO;
				MTL_FAST_MATH = YES;
				SDKROOT = iphoneos;
				SWIFT_COMPILATION_MODE = wholemodule;
				SWIFT_OPTIMIZATION_LEVEL = "-O";
				VALIDATE_PRODUCT = YES;
			};
			name = Release;
		};
		09FB623D255F85A500D53122 /* Debug */ = {
			isa = XCBuildConfiguration;
			baseConfigurationReference = D4A023CA7B0FFB0AE0ACDFBF /* Pods-Notepad-App.debug.xcconfig */;
			buildSettings = {
				ASSETCATALOG_COMPILER_APPICON_NAME = AppIcon;
				ASSETCATALOG_COMPILER_GLOBAL_ACCENT_COLOR_NAME = AccentColor;
				CODE_SIGN_STYLE = Automatic;
				DEVELOPMENT_TEAM = YCMY5T65DA;
				INFOPLIST_FILE = "Notepad-App/Info.plist";
				LD_RUNPATH_SEARCH_PATHS = (
					"$(inherited)",
					"@executable_path/Frameworks",
				);
				PRODUCT_BUNDLE_IDENTIFIER = "com.trishantsharma.Notepad-App";
				PRODUCT_NAME = "$(TARGET_NAME)";
				SWIFT_VERSION = 5.0;
				TARGETED_DEVICE_FAMILY = "1,2";
			};
			name = Debug;
		};
		09FB623E255F85A500D53122 /* Release */ = {
			isa = XCBuildConfiguration;
			baseConfigurationReference = 115D3F7560412B9FCC41F7C9 /* Pods-Notepad-App.release.xcconfig */;
			buildSettings = {
				ASSETCATALOG_COMPILER_APPICON_NAME = AppIcon;
				ASSETCATALOG_COMPILER_GLOBAL_ACCENT_COLOR_NAME = AccentColor;
				CODE_SIGN_STYLE = Automatic;
				DEVELOPMENT_TEAM = YCMY5T65DA;
				INFOPLIST_FILE = "Notepad-App/Info.plist";
				LD_RUNPATH_SEARCH_PATHS = (
					"$(inherited)",
					"@executable_path/Frameworks",
				);
				PRODUCT_BUNDLE_IDENTIFIER = "com.trishantsharma.Notepad-App";
				PRODUCT_NAME = "$(TARGET_NAME)";
				SWIFT_VERSION = 5.0;
				TARGETED_DEVICE_FAMILY = "1,2";
			};
			name = Release;
		};
/* End XCBuildConfiguration section */

/* Begin XCConfigurationList section */
		09FB6220255F859E00D53122 /* Build configuration list for PBXProject "Notepad-App" */ = {
			isa = XCConfigurationList;
			buildConfigurations = (
				09FB623A255F85A500D53122 /* Debug */,
				09FB623B255F85A500D53122 /* Release */,
			);
			defaultConfigurationIsVisible = 0;
			defaultConfigurationName = Release;
		};
		09FB623C255F85A500D53122 /* Build configuration list for PBXNativeTarget "Notepad-App" */ = {
			isa = XCConfigurationList;
			buildConfigurations = (
				09FB623D255F85A500D53122 /* Debug */,
				09FB623E255F85A500D53122 /* Release */,
			);
			defaultConfigurationIsVisible = 0;
			defaultConfigurationName = Release;
		};
/* End XCConfigurationList section */
	};
	rootObject = 09FB621D255F859E00D53122 /* Project object */;
}
